lockfileVersion: '9.0'

settings:
  autoInstallPeers: true
  excludeLinksFromLockfile: false

importers:

  .:
    dependencies:
      '@aws-sdk/client-s3':
        specifier: ^3.1070.0
        version: 3.1070.0
      '@mysten/sui':
        specifier: 1.28.1
        version: 1.28.1(typescript@5.9.3)
      '@noble/curves':
        specifier: ^2.2.0
        version: 2.2.0
      '@noble/hashes':
        specifier: ^1.8.0
        version: 1.8.0
      dotenv:
        specifier: ^16.6.1
        version: 16.6.1
      ws:
        specifier: ^8.21.0
        version: 8.21.0
    devDependencies:
      '@types/node':
        specifier: ^20.19.43
        version: 20.19.43
      '@types/ws':
        specifier: ^8.18.1
        version: 8.18.1
      env-cmd:
        specifier: ^10.1.0
        version: 10.1.0
      prettier:
        specifier: 2.8.8
        version: 2.8.8
      tsx:
        specifier: ^4.22.4
        version: 4.22.4
      typescript:
        specifier: ^5.9.3
        version: 5.9.3

packages:

  '@0no-co/graphql.web@1.3.2':
    resolution: {integrity: sha512-Q1+pRlLhE31GOY/2c9BAEnFTNxO7Awtc6fhhEDlxyCBQ2N0IhD32cPVvPChrK9mwBNSgRdW/sF1kd2e0ojHj1Q==}
    peerDependencies:
      graphql: ^14.0.0 || ^15.0.0 || ^16.0.0
    peerDependenciesMeta:
      graphql:
        optional: true

  '@0no-co/graphqlsp@1.17.1':
    resolution: {integrity: sha512-grt2Nq6eBkFziaxYWrGcKQjuibTIX8df9kgn7KSKAFnI/mUajPhxBanbnIgQX8m1oEOEFf0OXz4vb2exOKro/A==}
    peerDependencies:
      graphql: ^15.5.0 || ^16.0.0 || ^17.0.0
      typescript: ^5.0.0 || ^6.0.0

  '@aws-crypto/crc32@5.2.0':
    resolution: {integrity: sha512-nLbCWqQNgUiwwtFsen1AdzAtvuLRsQS8rYgMuxCrdKf9kOssamGLuPwyTY9wyYblNr9+1XM8v6zoDTPPSIeANg==}
    engines: {node: '>=16.0.0'}

  '@aws-crypto/crc32c@5.2.0':
    resolution: {integrity: sha512-+iWb8qaHLYKrNvGRbiYRHSdKRWhto5XlZUEBwDjYNf+ly5SVYG6zEoYIdxvf5R3zyeP16w4PLBn3rH1xc74Rag==}

  '@aws-crypto/sha1-browser@5.2.0':
    resolution: {integrity: sha512-OH6lveCFfcDjX4dbAvCFSYUjJZjDr/3XJ3xHtjn3Oj5b9RjojQo8npoLeA/bNwkOkrSQ0wgrHzXk4tDRxGKJeg==}

  '@aws-crypto/sha256-browser@5.2.0':
    resolution: {integrity: sha512-AXfN/lGotSQwu6HNcEsIASo7kWXZ5HYWvfOmSNKDsEqC4OashTp8alTmaz+F7TC2L083SFv5RdB+qU3Vs1kZqw==}

  '@aws-crypto/sha256-js@5.2.0':
    resolution: {integrity: sha512-FFQQyu7edu4ufvIZ+OadFpHHOt+eSTBaYaki44c+akjg7qZg9oOQeLlk77F6tSYqjDAFClrHJk9tMf0HdVyOvA==}
    engines: {node: '>=16.0.0'}

  '@aws-crypto/supports-web-crypto@5.2.0':
    resolution: {integrity: sha512-iAvUotm021kM33eCdNfwIN//F77/IADDSs58i+MDaOqFrVjZo9bAal0NK7HurRuWLLpF1iLX7gbWrjHjeo+YFg==}

  '@aws-crypto/util@5.2.0':
    resolution: {integrity: sha512-4RkU9EsI6ZpBve5fseQlGNUWKMa1RLPQ1dnjnQoe07ldfIzcsGb5hC5W0Dm7u423KWzawlrpbjXBrXCEv9zazQ==}

  '@aws-sdk/checksums@3.1000.6':
    resolution: {integrity: sha512-RMCrCteiUwYTEv2G9zfP/BEuKHv57665vVieJyp9cf8VgilWxP/KrWVtMdfdDlIH8nFhvu3rIMc29z3ebGEZ1w==}
    engines: {node: '>=20.0.0'}

  '@aws-sdk/client-s3@3.1070.0':
    resolution: {integrity: sha512-B/OUiCqGQ4Zr7v9gFFyiuitKN2c0PIgvOlQb5bYg1SM2y0F8a5JQ7FNsjRcl+d2PqYWLHwHx12CvZDyLn4KxIw==}
    engines: {node: '>=20.0.0'}

  '@aws-sdk/core@3.974.21':
    resolution: {integrity: sha512-P5JAHvn4dTi96UsAGS67LVOqqpUNNRhnfFXqzCYtdBIGZtqBue4CXvRr9YenOO7PALj/Pn8uuyw53FBCiCYw8w==}
    engines: {node: '>=20.0.0'}

  '@aws-sdk/credential-provider-env@3.972.47':
    resolution: {integrity: sha512-3YoPwJczcc+MtX2xxXaYaOOWO6xKUJr1ZIIDIFuninr51BYONVVcF/CP8K2xfVRC/PztJjqKWxNGFH7BWQAw1Q==}
    engines: {node: '>=20.0.0'}

  '@aws-sdk/credential-provider-http@3.972.49':
    resolution: {integrity: sha512-2UtGUPy+x3lqyceHrtC1uEuVxBZbDalPF6KAFqBwYgm4edWdBrZKNnCqzDs7KynWUvEC6mrR+ojRk+ZgQz9C2w==}
    engines: {node: '>=20.0.0'}

  '@aws-sdk/credential-provider-ini@3.972.54':
    resolution: {integrity: sha512-Hx4gO4YRjFwitf3MVl3cDwYe1aryJthC4txVl9b+JAURovA50M2ywf9r8j1E/Q6SCTPT4qQpjOAbKYIC9CG+Vw==}
    engines: {node: '>=20.0.0'}

  '@aws-sdk/credential-provider-login@3.972.53':
    resolution: {integrity: sha512-+71sluhkgPqdhbbD3UDwUpj24GCkng9HQx6z7qoBFb8dwkF4ktpOcVKDeHpgg8PvBgLYwAnUYLTEGRC/PniCiQ==}
    engines: {node: '>=20.0.0'}

  '@aws-sdk/credential-provider-node@3.972.56':
    resolution: {integrity: sha512-iI+4o0dvQQ4NHel4FMDiFy5q2gaU/ryLK3niOsoPccAt9WLFRkV4XTYPWRr9XvmBUqEzXG73S4p/8gm0Lu/W3A==}
    engines: {node: '>=20.0.0'}

  '@aws-sdk/credential-provider-process@3.972.47':
    resolution: {integrity: sha512-tAizPm9IFo/PHn06c+LQJlzfY2AGOlyF0CUljFejrU6LcZBjnk8pmbZK3/xoIDdnIzjEdbClfvY3mXfr818ZEg==}
    engines: {node: '>=20.0.0'}

  '@aws-sdk/credential-provider-sso@3.972.53':
    resolution: {integrity: sha512-pUXE3fu4tfEDV8BksIgf4dXvuIH10FhwHMl/wu8rBD5T1sMpryQWFVitH3kdPS90wlgrGYJQ/meQTSPacyZfeg==}
    engines: {node: '>=20.0.0'}

  '@aws-sdk/credential-provider-web-identity@3.972.53':
    resolution: {integrity: sha512-JmMGlhVvSj8uSG9CpeDkJAXT35H89tc6v84iMgEIE75q4yp1MKVVKvopv6Gg28HJIR7hMNkojRF8H2m5W44wyg==}
    engines: {node: '>=20.0.0'}

  '@aws-sdk/middleware-flexible-checksums@3.974.31':
    resolution: {integrity: sha512-Yzj6NRYVZdBaCp7o1BwHGyeDBfixdeToLIAMprshIITEdl9wKVSiidVOfeaiH8FyeC1hBmBfDZFvs/aH1Y3xpw==}
    engines: {node: '>=20.0.0'}

  '@aws-sdk/middleware-sdk-s3@3.972.52':
    resolution: {integrity: sha512-rerjP08onRqkBh0AcCqip6GkKvESapmLoTgi1xysZ4C6a1xMrIMtTBcEbUb6EY71oeajnigeUD4KwZjtIO+aWQ==}
    engines: {node: '>=20.0.0'}

  '@aws-sdk/nested-clients@3.997.21':
    resolution: {integrity: sha512-eC7Vl7Qom/BGhZjG9GEqPwdQ/fk45hg1t5LP4EUxG5d1fdshLbaxCiwh/tszUzDX/4mW40mu2QsbeJJRPBbqUw==}
    engines: {node: '>=20.0.0'}

  '@aws-sdk/signature-v4-multi-region@3.996.35':
    resolution: {integrity: sha512-6L/VWs+Wch2stHemCGTmUNqKLMzURxQDK5boNG3Jn3kAOp71meDUuS5sbObpEvFxHDq0uWeSLFDNSYsjNt+Dlg==}
    engines: {node: '>=20.0.0'}

  '@aws-sdk/token-providers@3.1069.0':
    resolution: {integrity: sha512-ks4X+kngC3PA5howV7Qu1TgG4bfC4jPykKdvw3nmBSXR9yZxRJouBholFSNQ5kY3L+Fgwyw+LCjzQmNi+KR91g==}
    engines: {node: '>=20.0.0'}

  '@aws-sdk/types@3.973.13':
    resolution: {integrity: sha512-pEHZqRkAlHfnfAU9tK+WpKv/gBNjGJrHMgA3A0iYRGyswBS2t0pfez+lWlwktb3Bqa0ovh7w/QJTFwp3fDxLNg==}
    engines: {node: '>=20.0.0'}

  '@aws-sdk/util-locate-window@3.965.8':
    resolution: {integrity: sha512-uUbMs1cBZPafD0ohUj6EwNf0fPZ534NvBxHox4hjX+0Rxq5paSYUem7+hi833pYrzrcnBATKIYpR02MDXT5M9g==}
    engines: {node: '>=20.0.0'}

  '@aws-sdk/xml-builder@3.972.30':
    resolution: {integrity: sha512-StElZPEoBquWwNqw1AcfpzEyZqJvFxouG+mpDNYlcH6ZOrqd2CuIryv+8LV8gNHZUOyKyJF3Dq9vxaXEmDR9TQ==}
    engines: {node: '>=20.0.0'}

  '@aws/lambda-invoke-store@0.2.4':
    resolution: {integrity: sha512-iY8yvjE0y651BixKNPgmv1WrQc+GZ142sb0z4gYnChDDY2YqI4P/jsSopBWrKfAt7LOJAkOXt7rC/hms+WclQQ==}
    engines: {node: '>=18.0.0'}

  '@esbuild/aix-ppc64@0.28.1':
    resolution: {integrity: sha512-Svl7tq8k/08+p6CXPpRjQ1fKX+1odH/BQbb48fV6fj3CWHhsoIOoY87w1oHXm0qEpkIK3ZfVgp0hed3XBXzXMQ==}
    engines: {node: '>=18'}
    cpu: [ppc64]
    os: [aix]

  '@esbuild/android-arm64@0.28.1':
    resolution: {integrity: sha512-34EGEbCIAgosYz6goLcopX6Mo7NyGv9tfwEM2/7Ce2VcVRk568iSvniGWcUXIy7wEDR1wzolcxcriFVrWYcwBg==}
    engines: {node: '>=18'}
    cpu: [arm64]
    os: [android]

  '@esbuild/android-arm@0.28.1':
    resolution: {integrity: sha512-0k2F129Xdio1TdJfzJ8sy1Q47vUD2NnwdhiAf7drUN1EBTfPf4hsFCtmMgu/6m8JSzsBrlmVjudMBQqOfG8usQ==}
    engines: {node: '>=18'}
    cpu: [arm]
    os: [android]

  '@esbuild/android-x64@0.28.1':
    resolution: {integrity: sha512-dbwY7ltSMDWsRatcRpCnES4F+im88OCUgGZjy52shC7GqHRE/cYlxNbB4Z4UpJswpcc4Qxd2oE/ufM0p61IKng==}
    engines: {node: '>=18'}
    cpu: [x64]
    os: [android]

  '@esbuild/darwin-arm64@0.28.1':
    resolution: {integrity: sha512-TZbWkQY7kvTAXbXUT7uVACR5cMHsDiSz9z7ZKAX/RTq/WJEk3QyRr0wZpNhBDX+/0CtdqUIJlOiodQcta6tY3Q==}
    engines: {node: '>=18'}
    cpu: [arm64]
    os: [darwin]

  '@esbuild/darwin-x64@0.28.1':
    resolution: {integrity: sha512-zfdzgK9ACBNZLI/CyHTOx81SyNbM6YXn7rxSgX97VjyiPl9W1i4Ka4fgKECEoFCKGpvBj5qArWIGgQjOwkgskQ==}
    engines: {node: '>=18'}
    cpu: [x64]
    os: [darwin]

  '@esbuild/freebsd-arm64@0.28.1':
    resolution: {integrity: sha512-wG2EA8ENdEI0qhkSZMjfqrdY+ziCYCPMmtZjjIwOmXFjmyzEHn+UUxk5of+SYsjtfs3VpnlC7QLzSI5hY/rOAw==}
    engines: {node: '>=18'}
    cpu: [arm64]
    os: [freebsd]

  '@esbuild/freebsd-x64@0.28.1':
    resolution: {integrity: sha512-i7dZ9vQgnvSCzi/rYCXNgtF/U+eKZNJBzu3eTQbRgHnM7tNSizLOkRFAl3qzVc/Op/u5YkHHa4pf/3DOYHthLQ==}
    engines: {node: '>=18'}
    cpu: [x64]
    os: [freebsd]

  '@esbuild/linux-arm64@0.28.1':
    resolution: {integrity: sha512-yHs+0uc8+nvEAfAfxrWQKK5peSNzBc4PegcMO0EJ2hT71uA7vB8Ihg2e77R2P7SG5uYjPbHlLLmve4LLLRCf0g==}
    engines: {node: '>=18'}
    cpu: [arm64]
    os: [linux]

  '@esbuild/linux-arm@0.28.1':
    resolution: {integrity: sha512-qVXBOHQS+d5Y722GwJzJUtOLlX7km3CraOaGormF1pDtPd2C/l1SHRPgjLunLGe51Sh5YYWKMFDyV4SxgMQYTQ==}
    engines: {node: '>=18'}
    cpu: [arm]
    os: [linux]

  '@esbuild/linux-ia32@0.28.1':
    resolution: {integrity: sha512-d1z4ZuP0ajrfz/FhGT4vv278rX8KnPPJx8i5+AtK7TYbx9Le9F1hyzurZpkEyjkGa9dUGhQow4C1NmeGvqxN2w==}
    engines: {node: '>=18'}
    cpu: [ia32]
    os: [linux]

  '@esbuild/linux-loong64@0.28.1':
    resolution: {integrity: sha512-M5sRjUVZrkm1OAPR3dlOYzNmN+loZKGVi1VUQGrwuqLcbR6qeAz+famMhjASeH3YVKvZz+zT1jlh/keC3Rj/lg==}
    engines: {node: '>=18'}
    cpu: [loong64]
    os: [linux]

  '@esbuild/linux-mips64el@0.28.1':
    resolution: {integrity: sha512-mRObBZeHh2OxcBFPWE/FjylkRgZdYuiTR3vaTozquCGOH14iP9oN4x4Ge81CoIDYQrXmIxpFumJBu5MtZpnQJQ==}
    engines: {node: '>=18'}
    cpu: [mips64el]
    os: [linux]

  '@esbuild/linux-ppc64@0.28.1':
    resolution: {integrity: sha512-slScBsMAb3GFDcdrCgLwZtPYRoH2H/youv10QiZyRjmsP48fznoveWytSgCI/R0ZcUgpc0ZhIUEx6LHts8yrfQ==}
    engines: {node: '>=18'}
    cpu: [ppc64]
    os: [linux]

  '@esbuild/linux-riscv64@0.28.1':
    resolution: {integrity: sha512-kw0owk1o0GFETUJyW0jc0G4Yzs0BHZn0JDZ8JRT088vjJYX777BAs1fDGxAC+q831qOs2DTC96mNsG2opdfyyQ==}
    engines: {node: '>=18'}
    cpu: [riscv64]
    os: [linux]

  '@esbuild/linux-s390x@0.28.1':
    resolution: {integrity: sha512-/lAIjX8aYFRByhh6L5rYtPEDRqa9de/4V/juOXcta5frjvzXO4/sqEtyytse0g3zZFuWu5cDN0MkLz2qRDD2Ag==}
    engines: {node: '>=18'}
    cpu: [s390x]
    os: [linux]

  '@esbuild/linux-x64@0.28.1':
    resolution: {integrity: sha512-u/anNYF2mmVOEDwLtnQ1wOr3EZ9sTNGLWrsYGYwHWzGA3Si84IOkHXlbWTD1NB+9/1lcnweYKO54uhxZydNzfA==}
    engines: {node: '>=18'}
    cpu: [x64]
    os: [linux]

  '@esbuild/netbsd-arm64@0.28.1':
    resolution: {integrity: sha512-oks0DYbLwWMmaakTsCb+zL4E+aHRVLom9IJZOAthMQEPiQmydXHkziYEsGYRx0uNV/IjEKGAV941JzH02pflqw==}
    engines: {node: '>=18'}
    cpu: [arm64]
    os: [netbsd]

  '@esbuild/netbsd-x64@0.28.1':
    resolution: {integrity: sha512-aeL6lAnN89Hz43Mlh1G8ARasbuoYvSITDEx0tHh5b7jJnHcssqgjy9Yx430GDpmCa6OyrKoS0aNRjKundRizGg==}
    engines: {node: '>=18'}
    cpu: [x64]
    os: [netbsd]

  '@esbuild/openbsd-arm64@0.28.1':
    resolution: {integrity: sha512-MEFJe5C3R8pwXdZ5Y21oo6m7ePiS0d9pWucn99O/wvyJZChoIQKrQDxKrGeW8F5+T0okTHesAmDeiHDTIq0V/Q==}
    engines: {node: '>=18'}
    cpu: [arm64]
    os: [openbsd]

  '@esbuild/openbsd-x64@0.28.1':
    resolution: {integrity: sha512-i/ZLIOafE0Z8cI/XANJAixoJL/uRAoS2xOA3rb0xN+KK0K177cMAsQYkzHtBrtMXAKuAc7HGgcWiZ/sRC1Nxgw==}
    engines: {node: '>=18'}
    cpu: [x64]
    os: [openbsd]

  '@esbuild/openharmony-arm64@0.28.1':
    resolution: {integrity: sha512-ge+Z7EXFNt2BO1oAMsVpiQ8EwndV9i1xXerAeTIK7AtPs3bKFXQM7nlRxDSIUIMeueR1CNXxqztLzdNeReKBJg==}
    engines: {node: '>=18'}
    cpu: [arm64]
    os: [openharmony]

  '@esbuild/sunos-x64@0.28.1':
    resolution: {integrity: sha512-BEjgtECkL3vY+SaSQ6nzVfiALUeFxpawyp8Jmf5PtYhf1Ug40N1h/hxlhts+f1FvSvarEigdxS3BlSMI2PJLcQ==}
    engines: {node: '>=18'}
    cpu: [x64]
    os: [sunos]

  '@esbuild/win32-arm64@0.28.1':
    resolution: {integrity: sha512-lCv9eK/H6ZJWbE7bh2nw54CZ9M2nupBxJcTsdk/QQnWkdSjKGuxmmH8/GWrlT1eMmZfn4dGcCjRte397WqfQXA==}
    engines: {node: '>=18'}
    cpu: [arm64]
    os: [win32]

  '@esbuild/win32-ia32@0.28.1':
    resolution: {integrity: sha512-zvb/mB2bSCoJOpoCBgYKKpX6YM6mJBlBUVUtVj41DlZJVEB6/0CKlRYxP5wWl1C1ILiCoAU5wZZ4q1P3qeS6Eg==}
    engines: {node: '>=18'}
    cpu: [ia32]
    os: [win32]

  '@esbuild/win32-x64@0.28.1':
    resolution: {integrity: sha512-bm4Mowrv+GXMlpWX++EcXw/iLyd1o3+bJkC2DkWXYVvgZCqD/bSj9ctZeAMC3cIxgjRVR2Dufaiu4YPxr5gW1A==}
    engines: {node: '>=18'}
    cpu: [x64]
    os: [win32]

  '@gql.tada/cli-utils@1.9.0':
    resolution: {integrity: sha512-sTlFYC4dFxbJtLwmA43qzt/fo5SHJ4PWFmj45ILNuslZ/0E3Wpb436ll63G5EBFG+Dx/SWMe2S+epVw9rchQVA==}
    peerDependencies:
      '@0no-co/graphqlsp': ^1.16.0
      '@gql.tada/svelte-support': 1.0.3
      '@gql.tada/vue-support': 1.0.3
      graphql: ^15.5.0 || ^16.0.0 || ^17.0.0
      typescript: ^5.0.0 || ^6.0.0 || ^7.0.0 || ^8.0.0
    peerDependenciesMeta:
      '@gql.tada/svelte-support':
        optional: true
      '@gql.tada/vue-support':
        optional: true

  '@gql.tada/internal@1.2.0':
    resolution: {integrity: sha512-mbrWlSLNMCMuP7uGFm4EGFJ0oU1XqzUqykAqQ4emVLUvuERKB6Vhb3KoWdSqSCCBKm7G3WcYCYgFbaMUUMNshw==}
    peerDependencies:
      graphql: ^15.5.0 || ^16.0.0 || ^17.0.0
      typescript: ^5.0.0 || ^6.0.0 || ^7.0.0 || ^8.0.0

  '@graphql-typed-document-node/core@3.2.0':
    resolution: {integrity: sha512-mB9oAsNCm9aM3/SOv4YtBMqZbYj10R7dkq8byBqxGY/ncFwhf2oQzMV+LCRlWoDSEBJ3COiR1yeDvMtsoOsuFQ==}
    peerDependencies:
      graphql: ^0.8.0 || ^0.9.0 || ^0.10.0 || ^0.11.0 || ^0.12.0 || ^0.13.0 || ^14.0.0 || ^15.0.0 || ^16.0.0 || ^17.0.0

  '@mysten/bcs@1.6.0':
    resolution: {integrity: sha512-ydDRYdIkIFCpHCcPvAkMC91fVwumjzbTgjqds0KsphDQI3jUlH3jFG5lfYNTmV6V3pkhOiRk1fupLBcsQsiszg==}

  '@mysten/sui@1.28.1':
    resolution: {integrity: sha512-kvrcUKiC/92N4u3Ncb8j1uLeBhCjrnTZyBjIX0zNTukFFCMbZkDYEr9IVjPrvnOEwOXZ3fpYmpmw3LB9dEU5FA==}
    engines: {node: '>=18'}

  '@mysten/utils@0.0.0':
    resolution: {integrity: sha512-KRI57Qow3E7TGqczimazwGf7+fwukdOi+6a31igSCzz0kPjAXbyK1a1gXaxeLMF8xEZ07ouW3RnsWt+EaUuHUw==}

  '@noble/curves@1.9.7':
    resolution: {integrity: sha512-gbKGcRUYIjA3/zCCNaWDciTMFI0dCkvou3TL8Zmy5Nc7sJ47a0jtOeZoTaMxkuqRo9cRhjOdZJXegxYE5FN/xw==}
    engines: {node: ^14.21.3 || >=16}

  '@noble/curves@2.2.0':
    resolution: {integrity: sha512-T/BoHgFXirb0ENSPBquzX0rcjXeM6Lo892a2jlYJkqk83LqZx0l1Of7DzlKJ6jkpvMrkHSnAcgb5JegL8SeIkQ==}
    engines: {node: '>= 20.19.0'}

  '@noble/hashes@1.8.0':
    resolution: {integrity: sha512-jCs9ldd7NwzpgXDIf6P3+NrHh9/sD6CQdxHyjQI+h/6rDNo88ypBxxz45UDuZHz9r3tNz7N/VInSVoVdtXEI4A==}
    engines: {node: ^14.21.3 || >=16}

  '@noble/hashes@2.2.0':
    resolution: {integrity: sha512-IYqDGiTXab6FniAgnSdZwgWbomxpy9FtYvLKs7wCUs2a8RkITG+DFGO1DM9cr+E3/RgADRpFjrKVaJ1z6sjtEg==}
    engines: {node: '>= 20.19.0'}

  '@nodable/entities@2.2.0':
    resolution: {integrity: sha512-9uGyhaQavEUMC8AIddIjau4NsnsXhou+j5sBAGojCM1oxmQpVKTWR/9JxABD6UAv12vpIms55fPZKFQEhG6uBg==}

  '@scure/base@1.2.6':
    resolution: {integrity: sha512-g/nm5FgUa//MCj1gV09zTJTaM6KBAHqLN907YVQqf7zC49+DcO4B1so4ZX07Ef10Twr6nuqYEH9GEggFXA4Fmg==}

  '@scure/bip32@1.7.0':
    resolution: {integrity: sha512-E4FFX/N3f4B80AKWp5dP6ow+flD1LQZo/w8UnLGYZO674jS6YnYeepycOOksv+vLPSpgN35wgKgy+ybfTb2SMw==}

  '@scure/bip39@1.6.0':
    resolution: {integrity: sha512-+lF0BbLiJNwVlev4eKelw1WWLaiKXw7sSl8T6FvBlWkdX+94aGJ4o8XjUdlyhTCjd8c+B3KT3JfS8P0bLRNU6A==}

  '@smithy/core@3.25.0':
    resolution: {integrity: sha512-TTD6el7tvKyafkXBf7XO3jLOE+qVxOTrLjp/fEGiV3BMfUHK/LfdYlQO9YgZvzxC7kqA3H/IhJXNqQgnbgjb7A==}
    engines: {node: '>=18.0.0'}

  '@smithy/credential-provider-imds@4.4.0':
    resolution: {integrity: sha512-pPQmNdEvMJttv9z2kdYxoui83p/nr32zjMf0aMfmzmGmFEgKXUfy0vXiNg0fx4R5XLQzmJBLM9Wg0guEq2/q8A==}
    engines: {node: '>=18.0.0'}

  '@smithy/fetch-http-handler@5.5.0':
    resolution: {integrity: sha512-OG8kBYAgX7lf32+xLzgirvuLffn1KNoszaSiButt45i2cRa5irk8LQXLYQ5Smij1SBTN4KMNcBsRwRrLPfIGyA==}
    engines: {node: '>=18.0.0'}

  '@smithy/is-array-buffer@2.2.0':
    resolution: {integrity: sha512-GGP3O9QFD24uGeAXYUjwSTXARoqpZykHadOmA8G5vfJPK0/DC67qa//0qvqrJzL1xc8WQWX7/yc7fwudjPHPhA==}
    engines: {node: '>=14.0.0'}

  '@smithy/node-http-handler@4.8.0':
    resolution: {integrity: sha512-Mq7TNt/VhlEWiYRLQGpzUWeUxh899UGpjKh7Ru0WVIDIjnE+cTRAn0NYlFQ6bWfsQnKnpCbWJj86HzmcG0qEdg==}
    engines: {node: '>=18.0.0'}

  '@smithy/signature-v4@5.5.0':
    resolution: {integrity: sha512-vW6UdK7e7gV2wU/tXRsPq4pMQMusb8VymdVOyIFNA1FtyRmEClRFkYDtYI8UcO/HM0wK3qqjvvQs3HOlbgMbdg==}
    engines: {node: '>=18.0.0'}

  '@smithy/types@4.15.0':
    resolution: {integrity: sha512-Z5TAOxygoFvybJV3igo5SloFflSokHx2hu1eFA+DxDTcn+FtKxUSui+rbTRG1pAafMA888Z3MVvCWUuvCrTXjg==}
    engines: {node: '>=18.0.0'}

  '@smithy/util-buffer-from@2.2.0':
    resolution: {integrity: sha512-IJdWBbTcMQ6DA0gdNhh/BwrLkDR+ADW5Kr1aZmd4k3DIF6ezMV4R2NIAmT08wQJ3yUK82thHWmC/TnK/wpMMIA==}
    engines: {node: '>=14.0.0'}

  '@smithy/util-utf8@2.3.0':
    resolution: {integrity: sha512-R8Rdn8Hy72KKcebgLiv8jQcQkXoLMOGGv5uI1/k0l+snqkOzQ1R0ChUBCxWMlBsFMekWjq0wRudIweFs7sKT5A==}
    engines: {node: '>=14.0.0'}

  '@types/node@20.19.43':
    resolution: {integrity: sha512-6oYBAi5ikg4Pl+kGsoYtawUMBT2zZMCvPNF7pVLnHZfd1zf38DRiWn/gT01RYCdUqkv7Fhr+C9ot4/tb+2sVvA==}

  '@types/ws@8.18.1':
    resolution: {integrity: sha512-ThVF6DCVhA8kUGy+aazFQ4kXQ7E1Ty7A3ypFOe0IcJV8O/M511G99AW24irKrW56Wt44yG9+ij8FaqoBGkuBXg==}

  anynum@1.0.0:
    resolution: {integrity: sha512-xjR9/zBVnUOP6ztMIIgShjsxui80nQUQH+5xJnvrYLs+90bF25/KJqaAi8mk+B4RDtX1Nspi6fmp4YTEts8SfA==}

  bowser@2.14.1:
    resolution: {integrity: sha512-tzPjzCxygAKWFOJP011oxFHs57HzIhOEracIgAePE4pqB3LikALKnSzUyU4MGs9/iCEUuHlAJTjTc5M+u7YEGg==}

  commander@4.1.1:
    resolution: {integrity: sha512-NOKm8xhkzAjzFx8B2v5OAHT+u5pRQc2UCa2Vq9jYL/31o2wi9mxBA7LIFs3sV5VSC49z6pEhfbMULvShKj26WA==}
    engines: {node: '>= 6'}

  cross-spawn@7.0.6:
    resolution: {integrity: sha512-uV2QOWP2nWzsy2aMp8aRibhi9dlzF5Hgh5SHaB9OiTGEyDTiJJyx0uy51QXdyWbtAHNua4XJzUKca3OzKUd3vA==}
    engines: {node: '>= 8'}

  dotenv@16.6.1:
    resolution: {integrity: sha512-uBq4egWHTcTt33a72vpSG0z3HnPuIl6NqYcTrKEg2azoEyl2hpW0zqlxysq2pK9HlDIHyHyakeYaYnSAwd8bow==}
    engines: {node: '>=12'}

  env-cmd@10.1.0:
    resolution: {integrity: sha512-mMdWTT9XKN7yNth/6N6g2GuKuJTsKMDHlQFUDacb/heQRRWOTIZ42t1rMHnQu4jYxU1ajdTeJM+9eEETlqToMA==}
    engines: {node: '>=8.0.0'}
    hasBin: true

  esbuild@0.28.1:
    resolution: {integrity: sha512-HrJrvZv5ayxBzPfwphOoNzkzOIIlifzk0KJrGK2c8R4+LKpMtpYLQeUdjnwjWv/LZlkH2laZk+4w78pi99D4Vw==}
    engines: {node: '>=18'}
    hasBin: true

  fast-xml-builder@1.2.0:
    resolution: {integrity: sha512-00aAWieqff+ZJhsXA4g1g7M8k+7AYoMUUHF+/zFb5U6Uv/P0Vl4QZo84/IcufzYalLuEj9928bXN9PbbFzMF0Q==}

  fast-xml-parser@5.7.3:
    resolution: {integrity: sha512-C0AaNuC+mscy6vrAQKAc/rMq+zAPHodfHGZu4sGVehvAQt/JLG1O5zEcYcXSY5zSqr4YVgxsB+pHXTq0i7eDlg==}
    hasBin: true

  fsevents@2.3.3:
    resolution: {integrity: sha512-5xoDfX+fL7faATnagmWPpbFtwh/R77WmMMqqHGS65C3vvB0YHrgF+B1YmZ3441tMj5n63k0212XNoJwzlhffQw==}
    engines: {node: ^8.16.0 || ^10.6.0 || >=11.0.0}
    os: [darwin]

  gql.tada@1.11.0:
    resolution: {integrity: sha512-QmBB7HTPBH3fBHdAEBBbq8N/1tyq9abdINply2rSUW1FVvZJ/b/jOD8esKVHh+JEajCCtfjGl0Kx2RyvXJFNCQ==}
    hasBin: true
    peerDependencies:
      typescript: ^5.0.0 || ^6.0.0 || ^7.0.0 || ^8.0.0

  graphql@16.14.2:
    resolution: {integrity: sha512-Chq1s4CY7jmh8gO2qvLIJyfCDIN+EHLFW/9iShnp1z8FjBQMoodWP1kDC36VAMXXIvAjj4ARa7ntfAV2BrjsbA==}
    engines: {node: ^12.22.0 || ^14.16.0 || ^16.0.0 || >=17.0.0}

  isexe@2.0.0:
    resolution: {integrity: sha512-RHxMLp9lnKHGHRng9QFhRCMbYAcVpn69smSGcq3f36xjgVVWThj4qqLbTLlq7Ssj8B+fIQ1EuCEGI2lKsyQeIw==}

  path-expression-matcher@1.5.0:
    resolution: {integrity: sha512-cbrerZV+6rvdQrrD+iGMcZFEiiSrbv9Tfdkvnusy6y0x0GKBXREFg/Y65GhIfm0tnLntThhzCnfKwp1WRjeCyQ==}
    engines: {node: '>=14.0.0'}

  path-key@3.1.1:
    resolution: {integrity: sha512-ojmeN0qd+y0jszEtoY48r0Peq5dwMEkIlCOu6Q5f41lfkswXuKtYrhgoTpLnyIcHm24Uhqx+5Tqm2InSwLhE6Q==}
    engines: {node: '>=8'}

  poseidon-lite@0.2.1:
    resolution: {integrity: sha512-xIr+G6HeYfOhCuswdqcFpSX47SPhm0EpisWJ6h7fHlWwaVIvH3dLnejpatrtw6Xc6HaLrpq05y7VRfvDmDGIog==}

  prettier@2.8.8:
    resolution: {integrity: sha512-tdN8qQGvNjw4CHbY+XXk0JgCXn9QiF21a55rBe5LJAU+kDyC4WQn4+awm2Xfk2lQMk5fKup9XgzTZtGkjBdP9Q==}
    engines: {node: '>=10.13.0'}
    hasBin: true

  shebang-command@2.0.0:
    resolution: {integrity: sha512-kHxr2zZpYtdmrN1qDjrrX/Z1rR1kG8Dx+gkpK1G4eXmvXswmcE1hTWBWYUzlraYw1/yZp6YuDY77YtvbN0dmDA==}
    engines: {node: '>=8'}

  shebang-regex@3.0.0:
    resolution: {integrity: sha512-7++dFhtcx3353uBaq8DDR4NuxBetBzC7ZQOhmTQInHEd6bSrXdiEyzCvG07Z44UYdLShWUyXt5M/yhz8ekcb1A==}
    engines: {node: '>=8'}

  strnum@2.4.0:
    resolution: {integrity: sha512-sHrVyWWdq28RbhjuJdZsA1SnGRJV6NiXbk6AXBxDOsgAcA+lmpUZCYjOdLBxkXMwis6RRe7dlZt4VlIWFVzkmg==}

  tslib@2.8.1:
    resolution: {integrity: sha512-oJFu94HQb+KVduSUQL7wnpmqnfmLsOA/nAh6b6EH0wCEoK0/mPeXU6c3wKDV83MkOuHPRHtSXKKU99IBazS/2w==}

  tsx@4.22.4:
    resolution: {integrity: sha512-X8EX+XV4QR5xCsrgxaED954zTDfY8KqlDtskKEL0cHhyS/P8b4IFOvGDQpsC9Q1XnLq915wEfwwY/zzskCtmhg==}
    engines: {node: '>=18.0.0'}
    hasBin: true

  typescript@5.9.3:
    resolution: {integrity: sha512-jl1vZzPDinLr9eUt3J/t7V6FgNEw9QjvBPdysz9KfQDD41fQrC2Y4vKQdiaUpFT4bXlb1RHhLpp8wtm6M5TgSw==}
    engines: {node: '>=14.17'}
    hasBin: true

  undici-types@6.21.0:
    resolution: {integrity: sha512-iwDZqg0QAGrg9Rav5H4n0M64c3mkR59cJ6wQp+7C4nI0gsmExaedaYLNO44eT4AtBBwjbTiGPMlt2Md0T9H9JQ==}

  valibot@0.36.0:
    resolution: {integrity: sha512-CjF1XN4sUce8sBK9TixrDqFM7RwNkuXdJu174/AwmQUB62QbCQADg5lLe8ldBalFgtj1uKj+pKwDJiNo4Mn+eQ==}

  which@2.0.2:
    resolution: {integrity: sha512-BLI3Tl1TW3Pvl70l3yq3Y64i+awpwXqsGBYWkkqMtnbXgrMD+yj7rhW0kuEDxzJaYXGjEW5ogapKNMEKNMjibA==}
    engines: {node: '>= 8'}
    hasBin: true

  ws@8.21.0:
    resolution: {integrity: sha512-Vsp28b7DRcimFQvrqu2Wek3z1iYxDCWqHYB8Qsnk/S4RfaCQzPGPyBNuVjJV3cd6UiKtUtp6sNM77gWvzcCH+g==}
    engines: {node: '>=10.0.0'}
    peerDependencies:
      bufferutil: ^4.0.1
      utf-8-validate: '>=5.0.2'
    peerDependenciesMeta:
      bufferutil:
        optional: true
      utf-8-validate:
        optional: true

  xml-naming@0.1.0:
    resolution: {integrity: sha512-k8KO9hrMyNk6tUWqUfkTEZbezRRpONVOzUTnc97VnCvyj6Tf9lyUR9EDAIeiVLv56jsMcoXEwjW8Kv5yPY52lw==}
    engines: {node: '>=16.0.0'}

snapshots:

  '@0no-co/graphql.web@1.3.2(graphql@16.14.2)':
    optionalDependencies:
      graphql: 16.14.2

  '@0no-co/graphqlsp@1.17.1(graphql@16.14.2)(typescript@5.9.3)':
    dependencies:
      '@gql.tada/internal': 1.2.0(graphql@16.14.2)(typescript@5.9.3)
      graphql: 16.14.2
      typescript: 5.9.3

  '@aws-crypto/crc32@5.2.0':
    dependencies:
      '@aws-crypto/util': 5.2.0
      '@aws-sdk/types': 3.973.13
      tslib: 2.8.1

  '@aws-crypto/crc32c@5.2.0':
    dependencies:
      '@aws-crypto/util': 5.2.0
      '@aws-sdk/types': 3.973.13
      tslib: 2.8.1

  '@aws-crypto/sha1-browser@5.2.0':
    dependencies:
      '@aws-crypto/supports-web-crypto': 5.2.0
      '@aws-crypto/util': 5.2.0
      '@aws-sdk/types': 3.973.13
      '@aws-sdk/util-locate-window': 3.965.8
      '@smithy/util-utf8': 2.3.0
      tslib: 2.8.1

  '@aws-crypto/sha256-browser@5.2.0':
    dependencies:
      '@aws-crypto/sha256-js': 5.2.0
      '@aws-crypto/supports-web-crypto': 5.2.0
      '@aws-crypto/util': 5.2.0
      '@aws-sdk/types': 3.973.13
      '@aws-sdk/util-locate-window': 3.965.8
      '@smithy/util-utf8': 2.3.0
      tslib: 2.8.1

  '@aws-crypto/sha256-js@5.2.0':
    dependencies:
      '@aws-crypto/util': 5.2.0
      '@aws-sdk/types': 3.973.13
      tslib: 2.8.1

  '@aws-crypto/supports-web-crypto@5.2.0':
    dependencies:
      tslib: 2.8.1

  '@aws-crypto/util@5.2.0':
    dependencies:
      '@aws-sdk/types': 3.973.13
      '@smithy/util-utf8': 2.3.0
      tslib: 2.8.1

  '@aws-sdk/checksums@3.1000.6':
    dependencies:
      '@aws-crypto/crc32': 5.2.0
      '@aws-crypto/crc32c': 5.2.0
      '@aws-crypto/util': 5.2.0
      '@aws-sdk/core': 3.974.21
      '@aws-sdk/types': 3.973.13
      '@smithy/core': 3.25.0
      '@smithy/types': 4.15.0
      tslib: 2.8.1

  '@aws-sdk/client-s3@3.1070.0':
    dependencies:
      '@aws-crypto/sha1-browser': 5.2.0
      '@aws-crypto/sha256-browser': 5.2.0
      '@aws-crypto/sha256-js': 5.2.0
      '@aws-sdk/core': 3.974.21
      '@aws-sdk/credential-provider-node': 3.972.56
      '@aws-sdk/middleware-flexible-checksums': 3.974.31
      '@aws-sdk/middleware-sdk-s3': 3.972.52
      '@aws-sdk/signature-v4-multi-region': 3.996.35
      '@aws-sdk/types': 3.973.13
      '@smithy/core': 3.25.0
      '@smithy/fetch-http-handler': 5.5.0
      '@smithy/node-http-handler': 4.8.0
      '@smithy/types': 4.15.0
      tslib: 2.8.1

  '@aws-sdk/core@3.974.21':
    dependencies:
      '@aws-sdk/types': 3.973.13
      '@aws-sdk/xml-builder': 3.972.30
      '@aws/lambda-invoke-store': 0.2.4
      '@smithy/core': 3.25.0
      '@smithy/signature-v4': 5.5.0
      '@smithy/types': 4.15.0
      bowser: 2.14.1
      tslib: 2.8.1

  '@aws-sdk/credential-provider-env@3.972.47':
    dependencies:
      '@aws-sdk/core': 3.974.21
      '@aws-sdk/types': 3.973.13
      '@smithy/core': 3.25.0
      '@smithy/types': 4.15.0
      tslib: 2.8.1

  '@aws-sdk/credential-provider-http@3.972.49':
    dependencies:
      '@aws-sdk/core': 3.974.21
      '@aws-sdk/types': 3.973.13
      '@smithy/core': 3.25.0
      '@smithy/fetch-http-handler': 5.5.0
      '@smithy/node-http-handler': 4.8.0
      '@smithy/types': 4.15.0
      tslib: 2.8.1

  '@aws-sdk/credential-provider-ini@3.972.54':
    dependencies:
      '@aws-sdk/core': 3.974.21
      '@aws-sdk/credential-provider-env': 3.972.47
      '@aws-sdk/credential-provider-http': 3.972.49
      '@aws-sdk/credential-provider-login': 3.972.53
      '@aws-sdk/credential-provider-process': 3.972.47
      '@aws-sdk/credential-provider-sso': 3.972.53
      '@aws-sdk/credential-provider-web-identity': 3.972.53
      '@aws-sdk/nested-clients': 3.997.21
      '@aws-sdk/types': 3.973.13
      '@smithy/core': 3.25.0
      '@smithy/credential-provider-imds': 4.4.0
      '@smithy/types': 4.15.0
      tslib: 2.8.1

  '@aws-sdk/credential-provider-login@3.972.53':
    dependencies:
      '@aws-sdk/core': 3.974.21
      '@aws-sdk/nested-clients': 3.997.21
      '@aws-sdk/types': 3.973.13
      '@smithy/core': 3.25.0
      '@smithy/types': 4.15.0
      tslib: 2.8.1

  '@aws-sdk/credential-provider-node@3.972.56':
    dependencies:
      '@aws-sdk/credential-provider-env': 3.972.47
      '@aws-sdk/credential-provider-http': 3.972.49
      '@aws-sdk/credential-provider-ini': 3.972.54
      '@aws-sdk/credential-provider-process': 3.972.47
      '@aws-sdk/credential-provider-sso': 3.972.53
      '@aws-sdk/credential-provider-web-identity': 3.972.53
      '@aws-sdk/types': 3.973.13
      '@smithy/core': 3.25.0
      '@smithy/credential-provider-imds': 4.4.0
      '@smithy/types': 4.15.0
      tslib: 2.8.1

  '@aws-sdk/credential-provider-process@3.972.47':
    dependencies:
      '@aws-sdk/core': 3.974.21
      '@aws-sdk/types': 3.973.13
      '@smithy/core': 3.25.0
      '@smithy/types': 4.15.0
      tslib: 2.8.1

  '@aws-sdk/credential-provider-sso@3.972.53':
    dependencies:
      '@aws-sdk/core': 3.974.21
      '@aws-sdk/nested-clients': 3.997.21
      '@aws-sdk/token-providers': 3.1069.0
      '@aws-sdk/types': 3.973.13
      '@smithy/core': 3.25.0
      '@smithy/types': 4.15.0
      tslib: 2.8.1

  '@aws-sdk/credential-provider-web-identity@3.972.53':
    dependencies:
      '@aws-sdk/core': 3.974.21
      '@aws-sdk/nested-clients': 3.997.21
      '@aws-sdk/types': 3.973.13
      '@smithy/core': 3.25.0
      '@smithy/types': 4.15.0
      tslib: 2.8.1

  '@aws-sdk/middleware-flexible-checksums@3.974.31':
    dependencies:
      '@aws-sdk/checksums': 3.1000.6
      tslib: 2.8.1

  '@aws-sdk/middleware-sdk-s3@3.972.52':
    dependencies:
      '@aws-sdk/core': 3.974.21
      '@aws-sdk/signature-v4-multi-region': 3.996.35
      '@aws-sdk/types': 3.973.13
      '@smithy/core': 3.25.0
      '@smithy/types': 4.15.0
      tslib: 2.8.1

  '@aws-sdk/nested-clients@3.997.21':
    dependencies:
      '@aws-crypto/sha256-browser': 5.2.0
      '@aws-crypto/sha256-js': 5.2.0
      '@aws-sdk/core': 3.974.21
      '@aws-sdk/signature-v4-multi-region': 3.996.35
      '@aws-sdk/types': 3.973.13
      '@smithy/core': 3.25.0
      '@smithy/fetch-http-handler': 5.5.0
      '@smithy/node-http-handler': 4.8.0
      '@smithy/types': 4.15.0
      tslib: 2.8.1

  '@aws-sdk/signature-v4-multi-region@3.996.35':
    dependencies:
      '@aws-sdk/types': 3.973.13
      '@smithy/signature-v4': 5.5.0
      '@smithy/types': 4.15.0
      tslib: 2.8.1

  '@aws-sdk/token-providers@3.1069.0':
    dependencies:
      '@aws-sdk/core': 3.974.21
      '@aws-sdk/nested-clients': 3.997.21
      '@aws-sdk/types': 3.973.13
      '@smithy/core': 3.25.0
      '@smithy/types': 4.15.0
      tslib: 2.8.1

  '@aws-sdk/types@3.973.13':
    dependencies:
      '@smithy/types': 4.15.0
      tslib: 2.8.1

  '@aws-sdk/util-locate-window@3.965.8':
    dependencies:
      tslib: 2.8.1

  '@aws-sdk/xml-builder@3.972.30':
    dependencies:
      '@smithy/types': 4.15.0
      fast-xml-parser: 5.7.3
      tslib: 2.8.1

  '@aws/lambda-invoke-store@0.2.4': {}

  '@esbuild/aix-ppc64@0.28.1':
    optional: true

  '@esbuild/android-arm64@0.28.1':
    optional: true

  '@esbuild/android-arm@0.28.1':
    optional: true

  '@esbuild/android-x64@0.28.1':
    optional: true

  '@esbuild/darwin-arm64@0.28.1':
    optional: true

  '@esbuild/darwin-x64@0.28.1':
    optional: true

  '@esbuild/freebsd-arm64@0.28.1':
    optional: true

  '@esbuild/freebsd-x64@0.28.1':
    optional: true

  '@esbuild/linux-arm64@0.28.1':
    optional: true

  '@esbuild/linux-arm@0.28.1':
    optional: true

  '@esbuild/linux-ia32@0.28.1':
    optional: true

  '@esbuild/linux-loong64@0.28.1':
    optional: true

  '@esbuild/linux-mips64el@0.28.1':
    optional: true

  '@esbuild/linux-ppc64@0.28.1':
    optional: true

  '@esbuild/linux-riscv64@0.28.1':
    optional: true

  '@esbuild/linux-s390x@0.28.1':
    optional: true

  '@esbuild/linux-x64@0.28.1':
    optional: true

  '@esbuild/netbsd-arm64@0.28.1':
    optional: true

  '@esbuild/netbsd-x64@0.28.1':
    optional: true

  '@esbuild/openbsd-arm64@0.28.1':
    optional: true

  '@esbuild/openbsd-x64@0.28.1':
    optional: true

  '@esbuild/openharmony-arm64@0.28.1':
    optional: true

  '@esbuild/sunos-x64@0.28.1':
    optional: true

  '@esbuild/win32-arm64@0.28.1':
    optional: true

  '@esbuild/win32-ia32@0.28.1':
    optional: true

  '@esbuild/win32-x64@0.28.1':
    optional: true

  '@gql.tada/cli-utils@1.9.0(@0no-co/graphqlsp@1.17.1(graphql@16.14.2)(typescript@5.9.3))(graphql@16.14.2)(typescript@5.9.3)':
    dependencies:
      '@0no-co/graphqlsp': 1.17.1(graphql@16.14.2)(typescript@5.9.3)
      '@gql.tada/internal': 1.2.0(graphql@16.14.2)(typescript@5.9.3)
      graphql: 16.14.2
      typescript: 5.9.3

  '@gql.tada/internal@1.2.0(graphql@16.14.2)(typescript@5.9.3)':
    dependencies:
      '@0no-co/graphql.web': 1.3.2(graphql@16.14.2)
      graphql: 16.14.2
      typescript: 5.9.3

  '@graphql-typed-document-node/core@3.2.0(graphql@16.14.2)':
    dependencies:
      graphql: 16.14.2

  '@mysten/bcs@1.6.0':
    dependencies:
      '@scure/base': 1.2.6

  '@mysten/sui@1.28.1(typescript@5.9.3)':
    dependencies:
      '@graphql-typed-document-node/core': 3.2.0(graphql@16.14.2)
      '@mysten/bcs': 1.6.0
      '@mysten/utils': 0.0.0
      '@noble/curves': 1.9.7
      '@noble/hashes': 1.8.0
      '@scure/base': 1.2.6
      '@scure/bip32': 1.7.0
      '@scure/bip39': 1.6.0
      gql.tada: 1.11.0(graphql@16.14.2)(typescript@5.9.3)
      graphql: 16.14.2
      poseidon-lite: 0.2.1
      valibot: 0.36.0
    transitivePeerDependencies:
      - '@gql.tada/svelte-support'
      - '@gql.tada/vue-support'
      - typescript

  '@mysten/utils@0.0.0':
    dependencies:
      '@scure/base': 1.2.6

  '@noble/curves@1.9.7':
    dependencies:
      '@noble/hashes': 1.8.0

  '@noble/curves@2.2.0':
    dependencies:
      '@noble/hashes': 2.2.0

  '@noble/hashes@1.8.0': {}

  '@noble/hashes@2.2.0': {}

  '@nodable/entities@2.2.0': {}

  '@scure/base@1.2.6': {}

  '@scure/bip32@1.7.0':
    dependencies:
      '@noble/curves': 1.9.7
      '@noble/hashes': 1.8.0
      '@scure/base': 1.2.6

  '@scure/bip39@1.6.0':
    dependencies:
      '@noble/hashes': 1.8.0
      '@scure/base': 1.2.6

  '@smithy/core@3.25.0':
    dependencies:
      '@aws-crypto/crc32': 5.2.0
      '@smithy/types': 4.15.0
      tslib: 2.8.1

  '@smithy/credential-provider-imds@4.4.0':
    dependencies:
      '@smithy/core': 3.25.0
      '@smithy/types': 4.15.0
      tslib: 2.8.1

  '@smithy/fetch-http-handler@5.5.0':
    dependencies:
      '@smithy/core': 3.25.0
      '@smithy/types': 4.15.0
      tslib: 2.8.1

  '@smithy/is-array-buffer@2.2.0':
    dependencies:
      tslib: 2.8.1

  '@smithy/node-http-handler@4.8.0':
    dependencies:
      '@smithy/core': 3.25.0
      '@smithy/types': 4.15.0
      tslib: 2.8.1

  '@smithy/signature-v4@5.5.0':
    dependencies:
      '@smithy/core': 3.25.0
      '@smithy/types': 4.15.0
      tslib: 2.8.1

  '@smithy/types@4.15.0':
    dependencies:
      tslib: 2.8.1

  '@smithy/util-buffer-from@2.2.0':
    dependencies:
      '@smithy/is-array-buffer': 2.2.0
      tslib: 2.8.1

  '@smithy/util-utf8@2.3.0':
    dependencies:
      '@smithy/util-buffer-from': 2.2.0
      tslib: 2.8.1

  '@types/node@20.19.43':
    dependencies:
      undici-types: 6.21.0

  '@types/ws@8.18.1':
    dependencies:
      '@types/node': 20.19.43

  anynum@1.0.0: {}

  bowser@2.14.1: {}

  commander@4.1.1: {}

  cross-spawn@7.0.6:
    dependencies:
      path-key: 3.1.1
      shebang-command: 2.0.0
      which: 2.0.2

  dotenv@16.6.1: {}

  env-cmd@10.1.0:
    dependencies:
      commander: 4.1.1
      cross-spawn: 7.0.6

  esbuild@0.28.1:
    optionalDependencies:
      '@esbuild/aix-ppc64': 0.28.1
      '@esbuild/android-arm': 0.28.1
      '@esbuild/android-arm64': 0.28.1
      '@esbuild/android-x64': 0.28.1
      '@esbuild/darwin-arm64': 0.28.1
      '@esbuild/darwin-x64': 0.28.1
      '@esbuild/freebsd-arm64': 0.28.1
      '@esbuild/freebsd-x64': 0.28.1
      '@esbuild/linux-arm': 0.28.1
      '@esbuild/linux-arm64': 0.28.1
      '@esbuild/linux-ia32': 0.28.1
      '@esbuild/linux-loong64': 0.28.1
      '@esbuild/linux-mips64el': 0.28.1
      '@esbuild/linux-ppc64': 0.28.1
      '@esbuild/linux-riscv64': 0.28.1
      '@esbuild/linux-s390x': 0.28.1
      '@esbuild/linux-x64': 0.28.1
      '@esbuild/netbsd-arm64': 0.28.1
      '@esbuild/netbsd-x64': 0.28.1
      '@esbuild/openbsd-arm64': 0.28.1
      '@esbuild/openbsd-x64': 0.28.1
      '@esbuild/openharmony-arm64': 0.28.1
      '@esbuild/sunos-x64': 0.28.1
      '@esbuild/win32-arm64': 0.28.1
      '@esbuild/win32-ia32': 0.28.1
      '@esbuild/win32-x64': 0.28.1

  fast-xml-builder@1.2.0:
    dependencies:
      path-expression-matcher: 1.5.0
      xml-naming: 0.1.0

  fast-xml-parser@5.7.3:
    dependencies:
      '@nodable/entities': 2.2.0
      fast-xml-builder: 1.2.0
      path-expression-matcher: 1.5.0
      strnum: 2.4.0

  fsevents@2.3.3:
    optional: true

  gql.tada@1.11.0(graphql@16.14.2)(typescript@5.9.3):
    dependencies:
      '@0no-co/graphql.web': 1.3.2(graphql@16.14.2)
      '@0no-co/graphqlsp': 1.17.1(graphql@16.14.2)(typescript@5.9.3)
      '@gql.tada/cli-utils': 1.9.0(@0no-co/graphqlsp@1.17.1(graphql@16.14.2)(typescript@5.9.3))(graphql@16.14.2)(typescript@5.9.3)
      '@gql.tada/internal': 1.2.0(graphql@16.14.2)(typescript@5.9.3)
      typescript: 5.9.3
    transitivePeerDependencies:
      - '@gql.tada/svelte-support'
      - '@gql.tada/vue-support'
      - graphql

  graphql@16.14.2: {}

  isexe@2.0.0: {}

  path-expression-matcher@1.5.0: {}

  path-key@3.1.1: {}

  poseidon-lite@0.2.1: {}

  prettier@2.8.8: {}

  shebang-command@2.0.0:
    dependencies:
      shebang-regex: 3.0.0

  shebang-regex@3.0.0: {}

  strnum@2.4.0:
    dependencies:
      anynum: 1.0.0

  tslib@2.8.1: {}

  tsx@4.22.4:
    dependencies:
      esbuild: 0.28.1
    optionalDependencies:
      fsevents: 2.3.3

  typescript@5.9.3: {}

  undici-types@6.21.0: {}

  valibot@0.36.0: {}

  which@2.0.2:
    dependencies:
      isexe: 2.0.0

  ws@8.21.0: {}

  xml-naming@0.1.0: {}
